// !$*UTF8*$!
{
	archiveVersion = 1;
	classes = {
	};
	objectVersion = 55;
	objects = {

/* Begin PBXBuildFile section */
		13B76DD128A6D6A300106BB5 /* MIChatApp.swift in Sources */ = {isa = PBXBuildFile; fileRef = 13B76DD028A6D6A300106BB5 /* MIChatApp.swift */; };
		13B76DD328A6D6A300106BB5 /* ContentView.swift in Sources */ = {isa = PBXBuildFile; fileRef = 13B76DD228A6D6A300106BB5 /* ContentView.swift */; };
		13B76DD528A6D6A400106BB5 /* Assets.xcassets in Resources */ = {isa = PBXBuildFile; fileRef = 13B76DD428A6D6A400106BB5 /* Assets.xcassets */; };
		13B76DD828A6D6A400106BB5 /* Preview Assets.xcassets in Resources */ = {isa = PBXBuildFile; fileRef = 13B76DD728A6D6A400106BB5 /* Preview Assets.xcassets */; };
		13B76DE228A6D6A400106BB5 /* MIChatTests.swift in Sources */ = {isa = PBXBuildFile; fileRef = 13B76DE128A6D6A400106BB5 /* MIChatTests.swift */; };
		13B76DEC28A6D6A500106BB5 /* MIChatUITests.swift in Sources */ = {isa = PBXBuildFile; fileRef = 13B76DEB28A6D6A500106BB5 /* MIChatUITests.swift */; };
		13B76DEE28A6D6A500106BB5 /* MIChatUITestsLaunchTests.swift in Sources */ = {isa = PBXBuildFile; fileRef = 13B76DED28A6D6A500106BB5 /* MIChatUITestsLaunchTests.swift */; };
/* End PBXBuildFile section */

/* Begin PBXContainerItemProxy section */
		13B76DDE28A6D6A400106BB5 /* PBXContainerItemProxy */ = {
			isa = PBXContainerItemProxy;
			containerPortal = 13B76DC528A6D6A300106BB5 /* Project object */;
			proxyType = 1;
			remoteGlobalIDString = 13B76DCC28A6D6A300106BB5;
			remoteInfo = MIChat;
		};
		13B76DE828A6D6A500106BB5 /* PBXContainerItemProxy */ = {
			isa = PBXContainerItemProxy;
			containerPortal = 13B76DC528A6D6A300106BB5 /* Project object */;
			proxyType = 1;
			remoteGlobalIDString = 13B76DCC28A6D6A300106BB5;
			remoteInfo = MIChat;
		};
/* End PBXContainerItemProxy section */

/* Begin PBXFileReference section */
		13B76DCD28A6D6A300106BB5 /* MIChat.app */ = {isa = PBXFileReference; explicitFileType = wrapper.application; includeInIndex = 0; path = MIChat.app; sourceTree = BUILT_PRODUCTS_DIR; };
		13B76DD028A6D6A300106BB5 /* MIChatApp.swift */ = {isa = PBXFileReference; lastKnownFileType = sourcecode.swift; path = MIChatApp.swift; sourceTree = "<group>"; };
		13B76DD228A6D6A300106BB5 /* ContentView.swift */ = {isa = PBXFileReference; lastKnownFileType = sourcecode.swift; path = ContentView.swift; sourceTree = "<group>"; };
		13B76DD428A6D6A400106BB5 /* Assets.xcassets */ = {isa = PBXFileReference; lastKnownFileType = folder.assetcatalog; path = Assets.xcassets; sourceTree = "<group>"; };
		13B76DD728A6D6A400106BB5 /* Preview Assets.xcassets */ = {isa = PBXFileReference; lastKnownFileType = folder.assetcatalog; path = "Preview Assets.xcassets"; sourceTree = "<group>"; };
		13B76DDD28A6D6A400106BB5 /* MIChatTests.xctest */ = {isa = PBXFileReference; explicitFileType = wrapper.cfbundle; includeInIndex = 0; path = MIChatTests.xctest; sourceTree = BUILT_PRODUCTS_DIR; };
		13B76DE128A6D6A400106BB5 /* MIChatTests.swift */ = {isa = PBXFileReference; lastKnownFileType = sourcecode.swift; path = MIChatTests.swift; sourceTree = "<group>"; };
		13B76DE728A6D6A500106BB5 /* MIChatUITests.xctest */ = {isa = PBXFileReference; explicitFileType = wrapper.cfbundle; includeInIndex = 0; path = MIChatUITests.xctest; sourceTree = BUILT_PRODUCTS_DIR; };
		13B76DEB28A6D6A500106BB5 /* MIChatUITests.swift */ = {isa = PBXFileReference; lastKnownFileType = sourcecode.swift; path = MIChatUITests.swift; sourceTree = "<group>"; };
		13B76DED28A6D6A500106BB5 /* MIChatUITestsLaunchTests.swift */ = {isa = PBXFileReference; lastKnownFileType = sourcecode.swift; path = MIChatUITestsLaunchTests.swift; sourceTree = "<group>"; };
/* End PBXFileReference section */

/* Begin PBXFrameworksBuildPhase section */
		13B76DCA28A6D6A300106BB5 /* Frameworks */ = {
			isa = PBXFrameworksBuildPhase;
			buildActionMask = 2147483647;
			files = (
			);
			runOnlyForDeploymentPostprocessing = 0;
		};
		13B76DDA28A6D6A400106BB5 /* Frameworks */ = {
			isa = PBXFrameworksBuildPhase;
			buildActionMask = 2147483647;
			files = (
			);
			runOnlyForDeploymentPostprocessing = 0;
		};
		13B76DE428A6D6A500106BB5 /* Frameworks */ = {
			isa = PBXFrameworksBuildPhase;
			buildActionMask = 2147483647;
			files = (
			);
			runOnlyForDeploymentPostprocessing = 0;
		};
/* End PBXFrameworksBuildPhase section */

/* Begin PBXGroup section */
		13B76DC428A6D6A300106BB5 = {
			isa = PBXGroup;
			children = (
				13B76DCF28A6D6A300106BB5 /* MIChat */,
				13B76DE028A6D6A400106BB5 /* MIChatTests */,
				13B76DEA28A6D6A500106BB5 /* MIChatUITests */,
				13B76DCE28A6D6A300106BB5 /* Products */,
			);
			sourceTree = "<group>";
		};
		13B76DCE28A6D6A300106BB5 /* Products */ = {
			isa = PBXGroup;
			children = (
				13B76DCD28A6D6A300106BB5 /* MIChat.app */,
				13B76DDD28A6D6A400106BB5 /* MIChatTests.xctest */,
				13B76DE728A6D6A500106BB5 /* MIChatUITests.xctest */,
			);
			name = Products;
			sourceTree = "<group>";
		};
		13B76DCF28A6D6A300106BB5 /* MIChat */ = {
			isa = PBXGroup;
			children = (
				13B76DD028A6D6A300106BB5 /* MIChatApp.swift */,
				13B76DD228A6D6A300106BB5 /* ContentView.swift */,
				13B76DD428A6D6A400106BB5 /* Assets.xcassets */,
				13B76DD628A6D6A400106BB5 /* Preview Content */,
			);
			path = MIChat;
			sourceTree = "<group>";
		};
		13B76DD628A6D6A400106BB5 /* Preview Content */ = {
			isa = PBXGroup;
			children = (
				13B76DD728A6D6A400106BB5 /* Preview Assets.xcassets */,
			);
			path = "Preview Content";
			sourceTree = "<group>";
		};
		13B76DE028A6D6A400106BB5 /* MIChatTests */ = {
			isa = PBXGroup;
			children = (
				13B76DE128A6D6A400106BB5 /* MIChatTests.swift */,
			);
			path = MIChatTests;
			sourceTree = "<group>";
		};
		13B76DEA28A6D6A500106BB5 /* MIChatUITests */ = {
			isa = PBXGroup;
			children = (
				13B76DEB28A6D6A500106BB5 /* MIChatUITests.swift */,
				13B76DED28A6D6A500106BB5 /* MIChatUITestsLaunchTests.swift */,
			);
			path = MIChatUITests;
			sourceTree = "<group>";
		};
/* End PBXGroup section */

/* Begin PBXNativeTarget section */
		13B76DCC28A6D6A300106BB5 /* MIChat */ = {
			isa = PBXNativeTarget;
			buildConfigurationList = 13B76DF128A6D6A500106BB5 /* Build configuration list for PBXNativeTarget "MIChat" */;
			buildPhases = (
				13B76DC928A6D6A300106BB5 /* Sources */,
				13B76DCA28A6D6A300106BB5 /* Frameworks */,
				13B76DCB28A6D6A300106BB5 /* Resources */,
			);
			buildRules = (
			);
			dependencies = (
			);
			name = MIChat;
			productName = MIChat;
			productReference = 13B76DCD28A6D6A300106BB5 /* MIChat.app */;
			productType = "com.apple.product-type.application";
		};
		13B76DDC28A6D6A400106BB5 /* MIChatTests */ = {
			isa = PBXNativeTarget;
			buildConfigurationList = 13B76DF428A6D6A500106BB5 /* Build configuration list for PBXNativeTarget "MIChatTests" */;
			buildPhases = (
				13B76DD928A6D6A400106BB5 /* Sources */,
				13B76DDA28A6D6A400106BB5 /* Frameworks */,
				13B76DDB28A6D6A400106BB5 /* Resources */,
			);
			buildRules = (
			);
			dependencies = (
				13B76DDF28A6D6A400106BB5 /* PBXTargetDependency */,
			);
			name = MIChatTests;
			productName = MIChatTests;
			productReference = 13B76DDD28A6D6A400106BB5 /* MIChatTests.xctest */;
			productType = "com.apple.product-type.bundle.unit-test";
		};
		13B76DE628A6D6A500106BB5 /* MIChatUITests */ = {
			isa = PBXNativeTarget;
			buildConfigurationList = 13B76DF728A6D6A500106BB5 /* Build configuration list for PBXNativeTarget "MIChatUITests" */;
			buildPhases = (
				13B76DE328A6D6A500106BB5 /* Sources */,
				13B76DE428A6D6A500106BB5 /* Frameworks */,
				13B76DE528A6D6A500106BB5 /* Resources */,
			);
			buildRules = (
			);
			dependencies = (
				13B76DE928A6D6A500106BB5 /* PBXTargetDependency */,
			);
			name = MIChatUITests;
			productName = MIChatUITests;
			productReference = 13B76DE728A6D6A500106BB5 /* MIChatUITests.xctest */;
			productType = "com.apple.product-type.bundle.ui-testing";
		};
/* End PBXNativeTarget section */

/* Begin PBXProject section */
		13B76DC528A6D6A300106BB5 /* Project object */ = {
			isa = PBXProject;
			attributes = {
				BuildIndependentTargetsInParallel = 1;
				LastSwiftUpdateCheck = 1330;
				LastUpgradeCheck = 1330;
				TargetAttributes = {
					13B76DCC28A6D6A300106BB5 = {
						CreatedOnToolsVersion = 13.3.1;
					};
					13B76DDC28A6D6A400106BB5 = {
						CreatedOnToolsVersion = 13.3.1;
						TestTargetID = 13B76DCC28A6D6A300106BB5;
					};
					13B76DE628A6D6A500106BB5 = {
						CreatedOnToolsVersion = 13.3.1;
						TestTargetID = 13B76DCC28A6D6A300106BB5;
					};
				};
			};
			buildConfigurationList = 13B76DC828A6D6A300106BB5 /* Build configuration list for PBXProject "MIChat" */;
			compatibilityVersion = "Xcode 13.0";
			developmentRegion = en;
			hasScannedForEncodings = 0;
			knownRegions = (
				en,
				Base,
			);
			mainGroup = 13B76DC428A6D6A300106BB5;
			productRefGroup = 13B76DCE28A6D6A300106BB5 /* Products */;
			projectDirPath = "";
			projectRoot = "";
			targets = (
				13B76DCC28A6D6A300106BB5 /* MIChat */,
				13B76DDC28A6D6A400106BB5 /* MIChatTests */,
				13B76DE628A6D6A500106BB5 /* MIChatUITests */,
			);
		};
/* End PBXProject section */

/* Begin PBXResourcesBuildPhase section */
		13B76DCB28A6D6A300106BB5 /* Resources */ = {
			isa = PBXResourcesBuildPhase;
			buildActionMask = 2147483647;
			files = (
				13B76DD828A6D6A400106BB5 /* Preview Assets.xcassets in Resources */,
				13B76DD528A6D6A400106BB5 /* Assets.xcassets in Resources */,
			);
			runOnlyForDeploymentPostprocessing = 0;
		};
		13B76DDB28A6D6A400106BB5 /* Resources */ = {
			isa = PBXResourcesBuildPhase;
			buildActionMask = 2147483647;
			files = (
			);
			runOnlyForDeploymentPostprocessing = 0;
		};
		13B76DE528A6D6A500106BB5 /* Resources */ = {
			isa = PBXResourcesBuildPhase;
			buildActionMask = 2147483647;
			files = (
			);
			runOnlyForDeploymentPostprocessing = 0;
		};
/* End PBXResourcesBuildPhase section */

/* Begin PBXSourcesBuildPhase section */
		13B76DC928A6D6A300106BB5 /* Sources */ = {
			isa = PBXSourcesBuildPhase;
			buildActionMask = 2147483647;
			files = (
				13B76DD328A6D6A300106BB5 /* ContentView.swift in Sources */,
				13B76DD128A6D6A300106BB5 /* MIChatApp.swift in Sources */,
			);
			runOnlyForDeploymentPostprocessing = 0;
		};
		13B76DD928A6D6A400106BB5 /* Sources */ = {
			isa = PBXSourcesBuildPhase;
			buildActionMask = 2147483647;
			files = (
				13B76DE228A6D6A400106BB5 /* MIChatTests.swift in Sources */,
			);
			runOnlyForDeploymentPostprocessing = 0;
		};
		13B76DE328A6D6A500106BB5 /* Sources */ = {
			isa = PBXSourcesBuildPhase;
			buildActionMask = 2147483647;
			files = (
				13B76DEE28A6D6A500106BB5 /* MIChatUITestsLaunchTests.swift in Sources */,
				13B76DEC28A6D6A500106BB5 /* MIChatUITests.swift in Sources */,
			);
			runOnlyForDeploymentPostprocessing = 0;
		};
/* End PBXSourcesBuildPhase section */

/* Begin PBXTargetDependency section */
		13B76DDF28A6D6A400106BB5 /* PBXTargetDependency */ = {
			isa = PBXTargetDependency;
			target = 13B76DCC28A6D6A300106BB5 /* MIChat */;
			targetProxy = 13B76DDE28A6D6A400106BB5 /* PBXContainerItemProxy */;
		};
		13B76DE928A6D6A500106BB5 /* PBXTargetDependency */ = {
			isa = PBXTargetDependency;
			target = 13B76DCC28A6D6A300106BB5 /* MIChat */;
			targetProxy = 13B76DE828A6D6A500106BB5 /* PBXContainerItemProxy */;
		};
/* End PBXTargetDependency section */

/* Begin XCBuildConfiguration section */
		13B76DEF28A6D6A500106BB5 /* Debug */ = {
			isa = XCBuildConfiguration;
			buildSettings = {
				ALWAYS_SEARCH_USER_PATHS = NO;
				CLANG_ANALYZER_NONNULL = YES;
				CLANG_ANALYZER_NUMBER_OBJECT_CONVERSION = YES_AGGRESSIVE;
				CLANG_CXX_LANGUAGE_STANDARD = "gnu++17";
				CLANG_ENABLE_MODULES = YES;
				CLANG_ENABLE_OBJC_ARC = YES;
				CLANG_ENABLE_OBJC_WEAK = YES;
				CLANG_WARN_BLOCK_CAPTURE_AUTORELEASING = YES;
				CLANG_WARN_BOOL_CONVERSION = YES;
				CLANG_WARN_COMMA = YES;
				CLANG_WARN_CONSTANT_CONVERSION = YES;
				CLANG_WARN_DEPRECATED_OBJC_IMPLEMENTATIONS = YES;
				CLANG_WARN_DIRECT_OBJC_ISA_USAGE = YES_ERROR;
				CLANG_WARN_DOCUMENTATION_COMMENTS = YES;
				CLANG_WARN_EMPTY_BODY = YES;
				CLANG_WARN_ENUM_CONVERSION = YES;
				CLANG_WARN_INFINITE_RECURSION = YES;
				CLANG_WARN_INT_CONVERSION = YES;
				CLANG_WARN_NON_LITERAL_NULL_CONVERSION = YES;
				CLANG_WARN_OBJC_IMPLICIT_RETAIN_SELF = YES;
				CLANG_WARN_OBJC_LITERAL_CONVERSION = YES;
				CLANG_WARN_OBJC_ROOT_CLASS = YES_ERROR;
				CLANG_WARN_QUOTED_INCLUDE_IN_FRAMEWORK_HEADER = YES;
				CLANG_WARN_RANGE_LOOP_ANALYSIS = YES;
				CLANG_WARN_STRICT_PROTOTYPES = YES;
				CLANG_WARN_SUSPICIOUS_MOVE = YES;
				CLANG_WARN_UNGUARDED_AVAILABILITY = YES_AGGRESSIVE;
				CLANG_WARN_UNREACHABLE_CODE = YES;
				CLANG_WARN__DUPLICATE_METHOD_MATCH = YES;
				COPY_PHASE_STRIP = NO;
				DEBUG_INFORMATION_FORMAT = dwarf;
				ENABLE_STRICT_OBJC_MSGSEND = YES;
				ENABLE_TESTABILITY = YES;
				GCC_C_LANGUAGE_STANDARD = gnu11;
				GCC_DYNAMIC_NO_PIC = NO;
				GCC_NO_COMMON_BLOCKS = YES;
				GCC_OPTIMIZATION_LEVEL = 0;
				GCC_PREPROCESSOR_DEFINITIONS = (
					"DEBUG=1",
					"$(inherited)",
				);
				GCC_WARN_64_TO_32_BIT_CONVERSION = YES;
				GCC_WARN_ABOUT_RETURN_TYPE = YES_ERROR;
				GCC_WARN_UNDECLARED_SELECTOR = YES;
				GCC_WARN_UNINITIALIZED_AUTOS = YES_AGGRESSIVE;
				GCC_WARN_UNUSED_FUNCTION = YES;
				GCC_WARN_UNUSED_VARIABLE = YES;
				IPHONEOS_DEPLOYMENT_TARGET = 15.4;
				MTL_ENABLE_DEBUG_INFO = INCLUDE_SOURCE;
				MTL_FAST_MATH = YES;
				ONLY_ACTIVE_ARCH = YES;
				SDKROOT = iphoneos;
				SWIFT_ACTIVE_COMPILATION_CONDITIONS = DEBUG;
				SWIFT_OPTIMIZATION_LEVEL = "-Onone";
			};
			name = Debug;
		};
		13B76DF028A6D6A500106BB5 /* Release */ = {
			isa = XCBuildConfiguration;
			buildSettings = {
				ALWAYS_SEARCH_USER_PATHS = NO;
				CLANG_ANALYZER_NONNULL = YES;
				CLANG_ANALYZER_NUMBER_OBJECT_CONVERSION = YES_AGGRESSIVE;
				CLANG_CXX_LANGUAGE_STANDARD = "gnu++17";
				CLANG_ENABLE_MODULES = YES;
				CLANG_ENABLE_OBJC_ARC = YES;
				CLANG_ENABLE_OBJC_WEAK = YES;
				CLANG_WARN_BLOCK_CAPTURE_AUTORELEASING = YES;
				CLANG_WARN_BOOL_CONVERSION = YES;
				CLANG_WARN_COMMA = YES;
				CLANG_WARN_CONSTANT_CONVERSION = YES;
				CLANG_WARN_DEPRECATED_OBJC_IMPLEMENTATIONS = YES;
				CLANG_WARN_DIRECT_OBJC_ISA_USAGE = YES_ERROR;
				CLANG_WARN_DOCUMENTATION_COMMENTS = YES;
				CLANG_WARN_EMPTY_BODY = YES;
				CLANG_WARN_ENUM_CONVERSION = YES;
				CLANG_WARN_INFINITE_RECURSION = YES;
				CLANG_WARN_INT_CONVERSION = YES;
				CLANG_WARN_NON_LITERAL_NULL_CONVERSION = YES;
				CLANG_WARN_OBJC_IMPLICIT_RETAIN_SELF = YES;
				CLANG_WARN_OBJC_LITERAL_CONVERSION = YES;
				CLANG_WARN_OBJC_ROOT_CLASS = YES_ERROR;
				CLANG_WARN_QUOTED_INCLUDE_IN_FRAMEWORK_HEADER = YES;
				CLANG_WARN_RANGE_LOOP_ANALYSIS = YES;
				CLANG_WARN_STRICT_PROTOTYPES = YES;
				CLANG_WARN_SUSPICIOUS_MOVE = YES;
				CLANG_WARN_UNGUARDED_AVAILABILITY = YES_AGGRESSIVE;
				CLANG_WARN_UNREACHABLE_CODE = YES;
				CLANG_WARN__DUPLICATE_METHOD_MATCH = YES;
				COPY_PHASE_STRIP = NO;
				DEBUG_INFORMATION_FORMAT = "dwarf-with-dsym";
				ENABLE_NS_ASSERTIONS = NO;
				ENABLE_STRICT_OBJC_MSGSEND = YES;
				GCC_C_LANGUAGE_STANDARD = gnu11;
				GCC_NO_COMMON_BLOCKS = YES;
				GCC_WARN_64_TO_32_BIT_CONVERSION = YES;
				GCC_WARN_ABOUT_RETURN_TYPE = YES_ERROR;
				GCC_WARN_UNDECLARED_SELECTOR = YES;
				GCC_WARN_UNINITIALIZED_AUTOS = YES_AGGRESSIVE;
				GCC_WARN_UNUSED_FUNCTION = YES;
				GCC_WARN_UNUSED_VARIABLE = YES;
				IPHONEOS_DEPLOYMENT_TARGET = 15.4;
				MTL_ENABLE_DEBUG_INFO = NO;
				MTL_FAST_MATH = YES;
				SDKROOT = iphoneos;
				SWIFT_COMPILATION_MODE = wholemodule;
				SWIFT_OPTIMIZATION_LEVEL = "-O";
				VALIDATE_PRODUCT = YES;
			};
			name = Release;
		};
		13B76DF228A6D6A500106BB5 /* Debug */ = {
			isa = XCBuildConfiguration;
			buildSettings = {
				ASSETCATALOG_COMPILER_APPICON_NAME = AppIcon;
				ASSETCATALOG_COMPILER_GLOBAL_ACCENT_COLOR_NAME = AccentColor;
				CODE_SIGN_STYLE = Automatic;
				CURRENT_PROJECT_VERSION = 1;
				DEVELOPMENT_ASSET_PATHS = "\"MIChat/Preview Content\"";
				ENABLE_PREVIEWS = YES;
				GENERATE_INFOPLIST_FILE = YES;
				INFOPLIST_KEY_UIApplicationSceneManifest_Generation = YES;
				INFOPLIST_KEY_UIApplicationSupportsIndirectInputEvents = YES;
				INFOPLIST_KEY_UILaunchScreen_Generation = YES;
				INFOPLIST_KEY_UISupportedInterfaceOrientations_iPad = "UIInterfaceOrientationPortrait UIInterfaceOrientationPortraitUpsideDown UIInterfaceOrientationLandscapeLeft UIInterfaceOrientationLandscapeRight";
				INFOPLIST_KEY_UISupportedInterfaceOrientations_iPhone = "UIInterfaceOrientationPortrait UIInterfaceOrientationLandscapeLeft UIInterfaceOrientationLandscapeRight";
				LD_RUNPATH_SEARCH_PATHS = (
					"$(inherited)",
					"@executable_path/Frameworks",
				);
				MARKETING_VERSION = 1.0;
				PRODUCT_BUNDLE_IDENTIFIER = dev.dianait.michat.MIChat;
				PRODUCT_NAME = "$(TARGET_NAME)";
				SWIFT_EMIT_LOC_STRINGS = YES;
				SWIFT_VERSION = 5.0;
				TARGETED_DEVICE_FAMILY = "1,2";
			};
			name = Debug;
		};
		13B76DF328A6D6A500106BB5 /* Release */ = {
			isa = XCBuildConfiguration;
			buildSettings = {
				ASSETCATALOG_COMPILER_APPICON_NAME = AppIcon;
				ASSETCATALOG_COMPILER_GLOBAL_ACCENT_COLOR_NAME = AccentColor;
				CODE_SIGN_STYLE = Automatic;
				CURRENT_PROJECT_VERSION = 1;
				DEVELOPMENT_ASSET_PATHS = "\"MIChat/Preview Content\"";
				ENABLE_PREVIEWS = YES;
				GENERATE_INFOPLIST_FILE = YES;
				INFOPLIST_KEY_UIApplicationSceneManifest_Generation = YES;
				INFOPLIST_KEY_UIApplicationSupportsIndirectInputEvents = YES;
				INFOPLIST_KEY_UILaunchScreen_Generation = YES;
				INFOPLIST_KEY_UISupportedInterfaceOrientations_iPad = "UIInterfaceOrientationPortrait UIInterfaceOrientationPortraitUpsideDown UIInterfaceOrientationLandscapeLeft UIInterfaceOrientationLandscapeRight";
				INFOPLIST_KEY_UISupportedInterfaceOrientations_iPhone = "UIInterfaceOrientationPortrait UIInterfaceOrientationLandscapeLeft UIInterfaceOrientationLandscapeRight";
				LD_RUNPATH_SEARCH_PATHS = (
					"$(inherited)",
					"@executable_path/Frameworks",
				);
				MARKETING_VERSION = 1.0;
				PRODUCT_BUNDLE_IDENTIFIER = dev.dianait.michat.MIChat;
				PRODUCT_NAME = "$(TARGET_NAME)";
				SWIFT_EMIT_LOC_STRINGS = YES;
				SWIFT_VERSION = 5.0;
				TARGETED_DEVICE_FAMILY = "1,2";
			};
			name = Release;
		};
		13B76DF528A6D6A500106BB5 /* Debug */ = {
			isa = XCBuildConfiguration;
			buildSettings = {
				ALWAYS_EMBED_SWIFT_STANDARD_LIBRARIES = YES;
				BUNDLE_LOADER = "$(TEST_HOST)";
				CODE_SIGN_STYLE = Automatic;
				CURRENT_PROJECT_VERSION = 1;
				GENERATE_INFOPLIST_FILE = YES;
				IPHONEOS_DEPLOYMENT_TARGET = 15.4;
				MARKETING_VERSION = 1.0;
				PRODUCT_BUNDLE_IDENTIFIER = dev.dianait.michat.MIChatTests;
				PRODUCT_NAME = "$(TARGET_NAME)";
				SWIFT_EMIT_LOC_STRINGS = NO;
				SWIFT_VERSION = 5.0;
				TARGETED_DEVICE_FAMILY = "1,2";
				TEST_HOST = "$(BUILT_PRODUCTS_DIR)/MIChat.app/MIChat";
			};
			name = Debug;
		};
		13B76DF628A6D6A500106BB5 /* Release */ = {
			isa = XCBuildConfiguration;
			buildSettings = {
				ALWAYS_EMBED_SWIFT_STANDARD_LIBRARIES = YES;
				BUNDLE_LOADER = "$(TEST_HOST)";
				CODE_SIGN_STYLE = Automatic;
				CURRENT_PROJECT_VERSION = 1;
				GENERATE_INFOPLIST_FILE = YES;
				IPHONEOS_DEPLOYMENT_TARGET = 15.4;
				MARKETING_VERSION = 1.0;
				PRODUCT_BUNDLE_IDENTIFIER = dev.dianait.michat.MIChatTests;
				PRODUCT_NAME = "$(TARGET_NAME)";
				SWIFT_EMIT_LOC_STRINGS = NO;
				SWIFT_VERSION = 5.0;
				TARGETED_DEVICE_FAMILY = "1,2";
				TEST_HOST = "$(BUILT_PRODUCTS_DIR)/MIChat.app/MIChat";
			};
			name = Release;
		};
		13B76DF828A6D6A500106BB5 /* Debug */ = {
			isa = XCBuildConfiguration;
			buildSettings = {
				ALWAYS_EMBED_SWIFT_STANDARD_LIBRARIES = YES;
				CODE_SIGN_STYLE = Automatic;
				CURRENT_PROJECT_VERSION = 1;
				GENERATE_INFOPLIST_FILE = YES;
				MARKETING_VERSION = 1.0;
				PRODUCT_BUNDLE_IDENTIFIER = dev.dianait.michat.MIChatUITests;
				PRODUCT_NAME = "$(TARGET_NAME)";
				SWIFT_EMIT_LOC_STRINGS = NO;
				SWIFT_VERSION = 5.0;
				TARGETED_DEVICE_FAMILY = "1,2";
				TEST_TARGET_NAME = MIChat;
			};
			name = Debug;
		};
		13B76DF928A6D6A500106BB5 /* Release */ = {
			isa = XCBuildConfiguration;
			buildSettings = {
				ALWAYS_EMBED_SWIFT_STANDARD_LIBRARIES = YES;
				CODE_SIGN_STYLE = Automatic;
				CURRENT_PROJECT_VERSION = 1;
				GENERATE_INFOPLIST_FILE = YES;
				MARKETING_VERSION = 1.0;
				PRODUCT_BUNDLE_IDENTIFIER = dev.dianait.michat.MIChatUITests;
				PRODUCT_NAME = "$(TARGET_NAME)";
				SWIFT_EMIT_LOC_STRINGS = NO;
				SWIFT_VERSION = 5.0;
				TARGETED_DEVICE_FAMILY = "1,2";
				TEST_TARGET_NAME = MIChat;
			};
			name = Release;
		};
/* End XCBuildConfiguration section */

/* Begin XCConfigurationList section */
		13B76DC828A6D6A300106BB5 /* Build configuration list for PBXProject "MIChat" */ = {
			isa = XCConfigurationList;
			buildConfigurations = (
				13B76DEF28A6D6A500106BB5 /* Debug */,
				13B76DF028A6D6A500106BB5 /* Release */,
			);
			defaultConfigurationIsVisible = 0;
			defaultConfigurationName = Release;
		};
		13B76DF128A6D6A500106BB5 /* Build configuration list for PBXNativeTarget "MIChat" */ = {
			isa = XCConfigurationList;
			buildConfigurations = (
				13B76DF228A6D6A500106BB5 /* Debug */,
				13B76DF328A6D6A500106BB5 /* Release */,
			);
			defaultConfigurationIsVisible = 0;
			defaultConfigurationName = Release;
		};
		13B76DF428A6D6A500106BB5 /* Build configuration list for PBXNativeTarget "MIChatTests" */ = {
			isa = XCConfigurationList;
			buildConfigurations = (
				13B76DF528A6D6A500106BB5 /* Debug */,
				13B76DF628A6D6A500106BB5 /* Release */,
			);
			defaultConfigurationIsVisible = 0;
			defaultConfigurationName = Release;
		};
		13B76DF728A6D6A500106BB5 /* Build configuration list for PBXNativeTarget "MIChatUITests" */ = {
			isa = XCConfigurationList;
			buildConfigurations = (
				13B76DF828A6D6A500106BB5 /* Debug */,
				13B76DF928A6D6A500106BB5 /* Release */,
			);
			defaultConfigurationIsVisible = 0;
			defaultConfigurationName = Release;
		};
/* End XCConfigurationList section */
	};
	rootObject = 13B76DC528A6D6A300106BB5 /* Project object */;
}
